
Microsoft Visual Studio Solution File, Format Version 12.00
# Visual Studio Version 17
VisualStudioVersion = 17.8.34330.188
MinimumVisualStudioVersion = 10.0.40219.1
Project("{FAE04EC0-301F-11D3-BF4B-00C04F79EFBC}") = "unit testing", "unit testing.csproj", "{818A7B44-BC71-4403-B2D2-9403B8CA8609}"
EndProject
Project("{FAE04EC0-301F-11D3-BF4B-00C04F79EFBC}") = "xUnit tests", "..\xUnit tests\xUnit tests.csproj", "{6F8266B9-38FB-4B3A-8755-84DEE4517982}"
EndProject
Global
	GlobalSection(SolutionConfigurationPlatforms) = preSolution
		Debug|Any CPU = Debug|Any CPU
		Release|Any CPU = Release|Any CPU
	EndGlobalSection
	GlobalSection(ProjectConfigurationPlatforms) = postSolution
		{818A7B44-BC71-4403-B2D2-9403B8CA8609}.Debug|Any CPU.ActiveCfg = Debug|Any CPU
		{818A7B44-BC71-4403-B2D2-9403B8CA8609}.Debug|Any CPU.Build.0 = Debug|Any CPU
		{818A7B44-BC71-4403-B2D2-9403B8CA8609}.Release|Any CPU.ActiveCfg = Release|Any CPU
		{818A7B44-BC71-4403-B2D2-9403B8CA8609}.Release|Any CPU.Build.0 = Release|Any CPU
		{6F8266B9-38FB-4B3A-8755-84DEE4517982}.Debug|Any CPU.ActiveCfg = Debug|Any CPU
		{6F8266B9-38FB-4B3A-8755-84DEE4517982}.Debug|Any CPU.Build.0 = Debug|Any CPU
		{6F8266B9-38FB-4B3A-8755-84DEE4517982}.Release|Any CPU.ActiveCfg = Release|Any CPU
		{6F8266B9-38FB-4B3A-8755-84DEE4517982}.Release|Any CPU.Build.0 = Release|Any CPU
	EndGlobalSection
	GlobalSection(SolutionProperties) = preSolution
		HideSolutionNode = FALSE
	EndGlobalSection
	GlobalSection(ExtensibilityGlobals) = postSolution
		SolutionGuid = {75431D01-C061-428F-A4BF-5FE3626C23F0}
	EndGlobalSection
EndGlobal
